{
  "name": "PersonalWeb",
  "lockfileVersion": 3,
  "requires": true,
  "packages": {
    "": {
      "dependencies": {
        "@hackclub/icons": "^0.2.2"
      }
    },
    "node_modules/@hackclub/icons": {
      "version": "0.2.2",
      "resolved": "https://registry.npmjs.org/@hackclub/icons/-/icons-0.2.2.tgz",
      "integrity": "sha512-dfcTgjrkep22tbCRpNHlbqIpKAxyXIHLlHJEXwP5e95/t1NUTsyKW8fXzAbIDrgrtUhyLiL7seYKzXz30mgYRg==",
      "peerDependencies": {
        "react": "^18.2.0 || ^19.0.0"
      }
    },
    "node_modules/react": {
      "version": "19.2.7",
      "resolved": "https://registry.npmjs.org/react/-/react-19.2.7.tgz",
      "integrity": "sha512-HNe9WslTbXmFK8o8cmwgAeJFSBvt1bPdHCVKtaaV+WlAN36mpT4hcRpwbf3fY56ar2oIXzsBpOAiIRHAdY0OlQ==",
      "license": "MIT",
      "peer": true,
      "engines": {
        "node": ">=0.10.0"
      }
    }
  }
}
